{
  "name": "client",
  "lockfileVersion": 3,
  "requires": true,
  "packages": {
    "": {
      "dependencies": {
        "tone": "^15.0.4"
      }
    },
    "node_modules/@babel/runtime": {
      "version": "7.24.7",
      "license": "MIT",
      "dependencies": {
        "regenerator-runtime": "^0.14.0"
      },
      "engines": {
        "node": ">=6.9.0"
      }
    },
    "node_modules/automation-events": {
      "version": "7.0.5",
      "license": "MIT",
      "dependencies": {
        "@babel/runtime": "^7.24.5",
        "tslib": "^2.6.2"
      },
      "engines": {
        "node": ">=18.2.0"
      }
    },
    "node_modules/regenerator-runtime": {
      "version": "0.14.1",
      "license": "MIT"
    },
    "node_modules/standardized-audio-context": {
      "version": "25.3.72",
      "license": "MIT",
      "dependencies": {
        "@babel/runtime": "^7.24.5",
        "automation-events": "^7.0.5",
        "tslib": "^2.6.2"
      }
    },
    "node_modules/tone": {
      "version": "15.0.4",
      "resolved": "https://registry.npmjs.org/tone/-/tone-15.0.4.tgz",
      "integrity": "sha512-Fr2xATgdkNhzwMZhrU0DXpkXQyambq73hjHRrBiC0Wkc6aPYRdmkySE9kRFAW878zgMiD+Lqvn/uNHt/7hbdnQ==",
      "license": "MIT",
      "dependencies": {
        "standardized-audio-context": "^25.3.70",
        "tslib": "^2.3.1"
      }
    },
    "node_modules/tslib": {
      "version": "2.6.3",
      "license": "0BSD"
    }
  }
}
